#MicroXplorer Configuration settings - do not modify
Mcu.Family=STM32F7
PA6.GPIOParameters=GPIO_Label
ProjectManager.MainLocation=Core/Src
RCC.I2SFreq_Value=96000000
PB13.GPIOParameters=GPIO_Label
PA0/WKUP.GPIOParameters=GPIO_Label
ProjectManager.ProjectFileName=ProcTestNoNucleo.ioc
RCC.SAI1Freq_Value=96000000
PC10.GPIO_PuPd=GPIO_PULLUP
PE14.GPIOParameters=GPIO_Label
ProjectManager.KeepUserCode=true
Mcu.UserName=STM32F746ZGTx
PC10.GPIO_Label=X_Lim
Mcu.PinsNb=17
ProjectManager.NoMain=false
PC11.Locked=true
PC10.Locked=true
RCC.PLLCLKFreq_Value=96000000
PC10.Signal=GPIO_Input
PC11.Signal=GPIO_Input
RCC.PLLQCLKFreq_Value=96000000
ProjectManager.functionlistsort=1-MX_GPIO_Init-GPIO-false-HAL-true,2-SystemClock_Config-RCC-false-HAL-false,3-MX_UART7_Init-UART7-false-HAL-true,0-MX_CORTEX_M7_Init-CORTEX_M7-false-HAL-true
PC0.GPIOParameters=GPIO_Label
PC0.GPIO_Label=X_DIR
PA0/WKUP.Signal=GPIO_Output
ProjectManager.DefaultFWLocation=true
PE14.GPIO_Label=X_A
PA6.GPIO_Label=NOZZLE_CLK
RCC.PLLI2SRCLKFreq_Value=96000000
PB12.Locked=true
ProjectManager.DeletePrevious=true
PC0.Signal=GPIO_Output
PC1.Locked=true
PB13.GPIO_Label=Y_B
RCC.LCDTFToutputFreq_Value=48000000
PC11.GPIOParameters=GPIO_PuPd,GPIO_Label
PB13.Signal=GPIO_Input
PF13.GPIO_Label=NOZZLE_DIR
PinOutPanel.RotationAngle=0
RCC.FamilyName=M
ProjectManager.StackSize=0x400
PE15.GPIOParameters=GPIO_Label
PE8.Mode=Asynchronous
Mcu.IP4=UART7
NVIC.SVCall_IRQn=true\:0\:0\:false\:false\:true\:false\:false
Mcu.IP2=RCC
Mcu.IP3=SYS
PC11.GPIO_PuPd=GPIO_PULLUP
Mcu.IP0=CORTEX_M7
Mcu.IP1=NVIC
PE15.GPIO_Label=X_B
Mcu.UserConstants=
ProjectManager.TargetToolchain=STM32CubeIDE
PC1.GPIOParameters=GPIO_Label
RCC.SDMMCFreq_Value=16000000
Mcu.ThirdPartyNb=0
Mcu.IPNb=5
ProjectManager.PreviousToolchain=
RCC.SPDIFRXFreq_Value=96000000
PA0/WKUP.Locked=true
Mcu.Pin6=PA6
RCC.SAI2Freq_Value=96000000
Mcu.Pin7=PF13
ProjectManager.RegisterCallBack=
Mcu.Pin8=PE7
RCC.USBFreq_Value=96000000
Mcu.Pin9=PE8
RCC.VCOSAIOutputFreq_Value=192000000
RCC.PLLSAIoutputFreq_Value=96000000
RCC.LSE_VALUE=32768
PA1.Signal=GPIO_Output
PB13.Locked=true
Mcu.Pin0=PC0
Mcu.Pin1=PC1
PE14.Locked=true
GPIO.groupedBy=Group By Peripherals
Mcu.Pin2=PA0/WKUP
Mcu.Pin3=PA1
Mcu.Pin4=PA4
RCC.VCOI2SOutputFreq_Value=192000000
Mcu.Pin5=PA5
PA5.Signal=GPIO_Output
RCC.PLLSAIRCLKFreq_Value=96000000
ProjectManager.ProjectBuild=false
RCC.HSE_VALUE=25000000
NVIC.UsageFault_IRQn=true\:0\:0\:false\:false\:true\:false\:false
NVIC.DebugMonitor_IRQn=true\:0\:0\:false\:false\:true\:false\:false
RCC.PLLSAIPCLKFreq_Value=96000000
board=custom
PA4.Locked=true
RCC.VCOOutputFreq_Value=192000000
NVIC.SysTick_IRQn=true\:0\:0\:false\:false\:true\:false\:true
ProjectManager.LastFirmware=true
PB12.GPIO_Label=Y_A
ProjectManager.FirmwarePackage=STM32Cube FW_F7 V1.16.1
MxDb.Version=DB.6.0.21
PE15.Locked=true
PE14.Signal=GPIO_Input
PA1.GPIOParameters=GPIO_Label
PE15.Signal=GPIO_Input
ProjectManager.BackupPrevious=false
MxCube.Version=6.2.1
RCC.VCOInputFreq_Value=1000000
PE8.Signal=UART7_TX
RCC.PLLI2SPCLKFreq_Value=96000000
PE8.Locked=true
RCC.RNGFreq_Value=96000000
PC11.GPIO_Label=Y_Lim
File.Version=6
PC1.GPIO_Label=Y_DIR
PA1.GPIO_Label=Y_CLK
VP_SYS_VS_Systick.Mode=SysTick
PF13.Locked=true
PA0/WKUP.GPIO_Label=X_CLK
NVIC.NonMaskableInt_IRQn=true\:0\:0\:false\:false\:true\:false\:false
PA4.GPIOParameters=GPIO_Label
PF13.Signal=GPIO_Output
PC10.GPIOParameters=GPIO_PuPd,GPIO_Label
NVIC.PendSV_IRQn=true\:0\:0\:false\:false\:true\:false\:false
PE7.Locked=true
ProjectManager.FreePins=false
RCC.IPParameters=CECFreq_Value,FamilyName,HSE_VALUE,HSI_VALUE,I2SFreq_Value,LCDTFToutputFreq_Value,LSE_VALUE,LSI_VALUE,PLLCLKFreq_Value,PLLI2SPCLKFreq_Value,PLLI2SQCLKFreq_Value,PLLI2SRCLKFreq_Value,PLLQCLKFreq_Value,PLLSAIPCLKFreq_Value,PLLSAIQCLKFreq_Value,PLLSAIRCLKFreq_Value,PLLSAIoutputFreq_Value,RNGFreq_Value,SAI1Freq_Value,SAI2Freq_Value,SDMMCFreq_Value,SPDIFRXFreq_Value,USBFreq_Value,VCOI2SOutputFreq_Value,VCOInputFreq_Value,VCOOutputFreq_Value,VCOSAIOutputFreq_Value
ProjectManager.AskForMigrate=true
Mcu.Name=STM32F746ZGTx
RCC.PLLI2SQCLKFreq_Value=96000000
ProjectManager.HalAssertFull=false
ProjectManager.ProjectName=ProcTestNoNucleo
ProjectManager.UnderRoot=true
ProjectManager.CoupleFile=false
PA4.Signal=GPIO_Output
Mcu.Package=LQFP144
PE7.Mode=Asynchronous
PA6.Signal=GPIO_Output
PA1.Locked=true
PA5.Locked=true
PA5.GPIO_Label=BCD_ENABLE
NVIC.ForceEnableDMAVector=true
KeepUserPlacement=false
NVIC.MemoryManagement_IRQn=true\:0\:0\:false\:false\:true\:false\:false
ProjectManager.CompilerOptimize=6
ProjectManager.ToolChainLocation=
RCC.LSI_VALUE=32000
VP_SYS_VS_Systick.Signal=SYS_VS_Systick
ProjectManager.HeapSize=0x200
Mcu.Pin15=PC11
NVIC.HardFault_IRQn=true\:0\:0\:false\:false\:true\:false\:false
Mcu.Pin16=VP_SYS_VS_Systick
PA5.GPIOParameters=GPIO_Label
Mcu.Pin13=PB13
PF13.GPIOParameters=GPIO_Label
Mcu.Pin14=PC10
ProjectManager.ComputerToolchain=false
RCC.HSI_VALUE=16000000
NVIC.PriorityGroup=NVIC_PRIORITYGROUP_4
Mcu.Pin11=PE15
Mcu.Pin12=PB12
Mcu.Pin10=PE14
RCC.CECFreq_Value=32786.88524590164
NVIC.BusFault_IRQn=true\:0\:0\:false\:false\:true\:false\:false
PE7.Signal=UART7_RX
PA4.GPIO_Label=XYZ_ENABLE
ProjectManager.CustomerFirmwarePackage=
PC0.Locked=true
ProjectManager.DeviceId=STM32F746ZGTx
PC1.Signal=GPIO_Output
PB12.GPIOParameters=GPIO_Label
PB12.Signal=GPIO_Input
ProjectManager.LibraryCopy=1
RCC.PLLSAIQCLKFreq_Value=96000000
NVIC.UART7_IRQn=true\:0\:0\:false\:false\:true\:true\:true
PA6.Locked=true
isbadioc=false
